
Microsoft Visual Studio Solution File, Format Version 12.00
# Visual Studio Version 16
VisualStudioVersion = 16.0.29209.152
MinimumVisualStudioVersion = 10.0.40219.1
Project("{9A19103F-16F7-4668-BE54-9A1E7A4F7556}") = "SecureSpa", "SecureSpa.csproj", "{8B4CEDFD-3853-4CDF-874C-FC1631EFAE3B}"
EndProject
Global
	GlobalSection(SolutionConfigurationPlatforms) = preSolution
		Debug|Any CPU = Debug|Any CPU
		Release|Any CPU = Release|Any CPU
	EndGlobalSection
	GlobalSection(ProjectConfigurationPlatforms) = postSolution
		{8B4CEDFD-3853-4CDF-874C-FC1631EFAE3B}.Debug|Any CPU.ActiveCfg = Debug|Any CPU
		{8B4CEDFD-3853-4CDF-874C-FC1631EFAE3B}.Debug|Any CPU.Build.0 = Debug|Any CPU
		{8B4CEDFD-3853-4CDF-874C-FC1631EFAE3B}.Release|Any CPU.ActiveCfg = Release|Any CPU
		{8B4CEDFD-3853-4CDF-874C-FC1631EFAE3B}.Release|Any CPU.Build.0 = Release|Any CPU
	EndGlobalSection
	GlobalSection(SolutionProperties) = preSolution
		HideSolutionNode = FALSE
	EndGlobalSection
	GlobalSection(ExtensibilityGlobals) = postSolution
		SolutionGuid = {139D6B18-BDB6-46B8-90F2-728762015580}
	EndGlobalSection
EndGlobal
